
Microsoft Visual Studio Solution File, Format Version 12.00
# Visual Studio Version 16
VisualStudioVersion = 16.0.31025.194
MinimumVisualStudioVersion = 10.0.40219.1
Project("{FAE04EC0-301F-11D3-BF4B-00C04F79EFBC}") = "ConsoleApp12", "ConsoleApp12\ConsoleApp12.csproj", "{F2366767-AB82-4EE2-983C-242C1DEF01B3}"
EndProject
Global
	GlobalSection(SolutionConfigurationPlatforms) = preSolution
		Debug|Any CPU = Debug|Any CPU
		Release|Any CPU = Release|Any CPU
	EndGlobalSection
	GlobalSection(ProjectConfigurationPlatforms) = postSolution
		{F2366767-AB82-4EE2-983C-242C1DEF01B3}.Debug|Any CPU.ActiveCfg = Debug|Any CPU
		{F2366767-AB82-4EE2-983C-242C1DEF01B3}.Debug|Any CPU.Build.0 = Debug|Any CPU
		{F2366767-AB82-4EE2-983C-242C1DEF01B3}.Release|Any CPU.ActiveCfg = Release|Any CPU
		{F2366767-AB82-4EE2-983C-242C1DEF01B3}.Release|Any CPU.Build.0 = Release|Any CPU
	EndGlobalSection
	GlobalSection(SolutionProperties) = preSolution
		HideSolutionNode = FALSE
	EndGlobalSection
	GlobalSection(ExtensibilityGlobals) = postSolution
		SolutionGuid = {614F08D2-F8FE-46CF-8EDE-F3D252E73680}
	EndGlobalSection
EndGlobal
